
Microsoft Visual Studio Solution File, Format Version 12.00
Project("{FAE04EC0-301F-11D3-BF4B-00C04F79EFBC}") = "CardActionsApi", "CardActionsApi\CardActionsApi.csproj", "{2CA73A8D-6891-4E0B-B46A-FC7DB032973D}"
EndProject
Project("{FAE04EC0-301F-11D3-BF4B-00C04F79EFBC}") = "Tests", "Tests\Tests.csproj", "{85DA6038-17CF-43A8-9F10-87200464C474}"
EndProject
Project("{FAE04EC0-301F-11D3-BF4B-00C04F79EFBC}") = "Specifications", "Specifications\Specifications.csproj", "{8DAA5E58-91E7-48A1-B719-CB7C59A7C17C}"
EndProject
Global
	GlobalSection(SolutionConfigurationPlatforms) = preSolution
		Debug|Any CPU = Debug|Any CPU
		Release|Any CPU = Release|Any CPU
	EndGlobalSection
	GlobalSection(ProjectConfigurationPlatforms) = postSolution
		{2CA73A8D-6891-4E0B-B46A-FC7DB032973D}.Debug|Any CPU.ActiveCfg = Debug|Any CPU
		{2CA73A8D-6891-4E0B-B46A-FC7DB032973D}.Debug|Any CPU.Build.0 = Debug|Any CPU
		{2CA73A8D-6891-4E0B-B46A-FC7DB032973D}.Release|Any CPU.ActiveCfg = Release|Any CPU
		{2CA73A8D-6891-4E0B-B46A-FC7DB032973D}.Release|Any CPU.Build.0 = Release|Any CPU
		{85DA6038-17CF-43A8-9F10-87200464C474}.Debug|Any CPU.ActiveCfg = Debug|Any CPU
		{85DA6038-17CF-43A8-9F10-87200464C474}.Debug|Any CPU.Build.0 = Debug|Any CPU
		{85DA6038-17CF-43A8-9F10-87200464C474}.Release|Any CPU.ActiveCfg = Release|Any CPU
		{85DA6038-17CF-43A8-9F10-87200464C474}.Release|Any CPU.Build.0 = Release|Any CPU
		{8DAA5E58-91E7-48A1-B719-CB7C59A7C17C}.Debug|Any CPU.ActiveCfg = Debug|Any CPU
		{8DAA5E58-91E7-48A1-B719-CB7C59A7C17C}.Debug|Any CPU.Build.0 = Debug|Any CPU
		{8DAA5E58-91E7-48A1-B719-CB7C59A7C17C}.Release|Any CPU.ActiveCfg = Release|Any CPU
		{8DAA5E58-91E7-48A1-B719-CB7C59A7C17C}.Release|Any CPU.Build.0 = Release|Any CPU
	EndGlobalSection
EndGlobal
